
Microsoft Visual Studio Solution File, Format Version 12.00
# Visual Studio Version 17
VisualStudioVersion = 17.0.32002.185
MinimumVisualStudioVersion = 10.0.40219.1
Project("{FAE04EC0-301F-11D3-BF4B-00C04F79EFBC}") = "JulieShop.Domain", "JulieShop.Domain\JulieShop.Domain.csproj", "{70B536B8-459C-45CB-B066-0F6FF8B2E68A}"
EndProject
Project("{FAE04EC0-301F-11D3-BF4B-00C04F79EFBC}") = "JulieShop.Infrastructure", "JulieShop.Infrastructure\JulieShop.Infrastructure.csproj", "{57BB253F-5E63-4B76-9DE4-44D041AFD9F7}"
EndProject
Project("{FAE04EC0-301F-11D3-BF4B-00C04F79EFBC}") = "JulieShop.Application", "JulieShop.Application\JulieShop.Application.csproj", "{589DF3F5-0FD9-463D-A945-F5ACA4DAA478}"
EndProject
Project("{FAE04EC0-301F-11D3-BF4B-00C04F79EFBC}") = "JulieShopWebUI", "JulieShopWebUI\JulieShopWebUI.csproj", "{E86B3934-3EA8-4809-A132-9A0747AD0576}"
EndProject
Global
	GlobalSection(SolutionConfigurationPlatforms) = preSolution
		Debug|Any CPU = Debug|Any CPU
		Release|Any CPU = Release|Any CPU
	EndGlobalSection
	GlobalSection(ProjectConfigurationPlatforms) = postSolution
		{70B536B8-459C-45CB-B066-0F6FF8B2E68A}.Debug|Any CPU.ActiveCfg = Debug|Any CPU
		{70B536B8-459C-45CB-B066-0F6FF8B2E68A}.Debug|Any CPU.Build.0 = Debug|Any CPU
		{70B536B8-459C-45CB-B066-0F6FF8B2E68A}.Release|Any CPU.ActiveCfg = Release|Any CPU
		{70B536B8-459C-45CB-B066-0F6FF8B2E68A}.Release|Any CPU.Build.0 = Release|Any CPU
		{57BB253F-5E63-4B76-9DE4-44D041AFD9F7}.Debug|Any CPU.ActiveCfg = Debug|Any CPU
		{57BB253F-5E63-4B76-9DE4-44D041AFD9F7}.Debug|Any CPU.Build.0 = Debug|Any CPU
		{57BB253F-5E63-4B76-9DE4-44D041AFD9F7}.Release|Any CPU.ActiveCfg = Release|Any CPU
		{57BB253F-5E63-4B76-9DE4-44D041AFD9F7}.Release|Any CPU.Build.0 = Release|Any CPU
		{589DF3F5-0FD9-463D-A945-F5ACA4DAA478}.Debug|Any CPU.ActiveCfg = Debug|Any CPU
		{589DF3F5-0FD9-463D-A945-F5ACA4DAA478}.Debug|Any CPU.Build.0 = Debug|Any CPU
		{589DF3F5-0FD9-463D-A945-F5ACA4DAA478}.Release|Any CPU.ActiveCfg = Release|Any CPU
		{589DF3F5-0FD9-463D-A945-F5ACA4DAA478}.Release|Any CPU.Build.0 = Release|Any CPU
		{E86B3934-3EA8-4809-A132-9A0747AD0576}.Debug|Any CPU.ActiveCfg = Debug|Any CPU
		{E86B3934-3EA8-4809-A132-9A0747AD0576}.Debug|Any CPU.Build.0 = Debug|Any CPU
		{E86B3934-3EA8-4809-A132-9A0747AD0576}.Release|Any CPU.ActiveCfg = Release|Any CPU
		{E86B3934-3EA8-4809-A132-9A0747AD0576}.Release|Any CPU.Build.0 = Release|Any CPU
	EndGlobalSection
	GlobalSection(SolutionProperties) = preSolution
		HideSolutionNode = FALSE
	EndGlobalSection
	GlobalSection(ExtensibilityGlobals) = postSolution
		SolutionGuid = {7833F74E-FB22-4152-8F88-568EA663DB1F}
	EndGlobalSection
EndGlobal
